
Microsoft Visual Studio Solution File, Format Version 12.00
# Visual Studio Version 17
VisualStudioVersion = 17.6.33723.286
MinimumVisualStudioVersion = 10.0.40219.1
Project("{54A90642-561A-4BB1-A94E-469ADEE60C69}") = "angularapp", "angularapp\angularapp.esproj", "{5F01B79E-7C98-4735-AE87-2C99EE231F3A}"
EndProject
Project("{9A19103F-16F7-4668-BE54-9A1E7A4F7556}") = "webapi", "webapi\webapi.csproj", "{E70C5235-9183-4E64-9ED4-251781B8A838}"
EndProject
Project("{9A19103F-16F7-4668-BE54-9A1E7A4F7556}") = "webapiTests", "webapiTests\webapiTests.csproj", "{AC24C884-2040-4EA8-9529-EDFE5A32CE56}"
EndProject
Project("{9A19103F-16F7-4668-BE54-9A1E7A4F7556}") = "cosmosTools", "cosmosTools\cosmosTools.csproj", "{6D41F52B-45BC-4EA5-AF14-040E79BD6517}"
EndProject
Project("{9A19103F-16F7-4668-BE54-9A1E7A4F7556}") = "cosmosTools_uTest", "cosmosTools_uTest\cosmosTools_uTest.csproj", "{2061B342-9685-48FC-86BC-00FE2913CEED}"
EndProject
Project("{FAE04EC0-301F-11D3-BF4B-00C04F79EFBC}") = "angularapp_uiTests", "angularapp_uiTests\angularapp_uiTests.csproj", "{D19F32F7-E26A-4890-A6E3-F1C35EEF6B58}"
EndProject
Global
	GlobalSection(SolutionConfigurationPlatforms) = preSolution
		Debug|Any CPU = Debug|Any CPU
		Release|Any CPU = Release|Any CPU
	EndGlobalSection
	GlobalSection(ProjectConfigurationPlatforms) = postSolution
		{5F01B79E-7C98-4735-AE87-2C99EE231F3A}.Debug|Any CPU.ActiveCfg = Debug|Any CPU
		{5F01B79E-7C98-4735-AE87-2C99EE231F3A}.Debug|Any CPU.Build.0 = Debug|Any CPU
		{5F01B79E-7C98-4735-AE87-2C99EE231F3A}.Debug|Any CPU.Deploy.0 = Debug|Any CPU
		{5F01B79E-7C98-4735-AE87-2C99EE231F3A}.Release|Any CPU.ActiveCfg = Release|Any CPU
		{5F01B79E-7C98-4735-AE87-2C99EE231F3A}.Release|Any CPU.Build.0 = Release|Any CPU
		{5F01B79E-7C98-4735-AE87-2C99EE231F3A}.Release|Any CPU.Deploy.0 = Release|Any CPU
		{E70C5235-9183-4E64-9ED4-251781B8A838}.Debug|Any CPU.ActiveCfg = Debug|Any CPU
		{E70C5235-9183-4E64-9ED4-251781B8A838}.Debug|Any CPU.Build.0 = Debug|Any CPU
		{E70C5235-9183-4E64-9ED4-251781B8A838}.Release|Any CPU.ActiveCfg = Release|Any CPU
		{E70C5235-9183-4E64-9ED4-251781B8A838}.Release|Any CPU.Build.0 = Release|Any CPU
		{AC24C884-2040-4EA8-9529-EDFE5A32CE56}.Debug|Any CPU.ActiveCfg = Debug|Any CPU
		{AC24C884-2040-4EA8-9529-EDFE5A32CE56}.Debug|Any CPU.Build.0 = Debug|Any CPU
		{AC24C884-2040-4EA8-9529-EDFE5A32CE56}.Release|Any CPU.ActiveCfg = Release|Any CPU
		{AC24C884-2040-4EA8-9529-EDFE5A32CE56}.Release|Any CPU.Build.0 = Release|Any CPU
		{6D41F52B-45BC-4EA5-AF14-040E79BD6517}.Debug|Any CPU.ActiveCfg = Debug|Any CPU
		{6D41F52B-45BC-4EA5-AF14-040E79BD6517}.Debug|Any CPU.Build.0 = Debug|Any CPU
		{6D41F52B-45BC-4EA5-AF14-040E79BD6517}.Release|Any CPU.ActiveCfg = Release|Any CPU
		{6D41F52B-45BC-4EA5-AF14-040E79BD6517}.Release|Any CPU.Build.0 = Release|Any CPU
		{2061B342-9685-48FC-86BC-00FE2913CEED}.Debug|Any CPU.ActiveCfg = Debug|Any CPU
		{2061B342-9685-48FC-86BC-00FE2913CEED}.Debug|Any CPU.Build.0 = Debug|Any CPU
		{2061B342-9685-48FC-86BC-00FE2913CEED}.Release|Any CPU.ActiveCfg = Release|Any CPU
		{2061B342-9685-48FC-86BC-00FE2913CEED}.Release|Any CPU.Build.0 = Release|Any CPU
		{D19F32F7-E26A-4890-A6E3-F1C35EEF6B58}.Debug|Any CPU.ActiveCfg = Debug|Any CPU
		{D19F32F7-E26A-4890-A6E3-F1C35EEF6B58}.Debug|Any CPU.Build.0 = Debug|Any CPU
		{D19F32F7-E26A-4890-A6E3-F1C35EEF6B58}.Release|Any CPU.ActiveCfg = Release|Any CPU
		{D19F32F7-E26A-4890-A6E3-F1C35EEF6B58}.Release|Any CPU.Build.0 = Release|Any CPU
	EndGlobalSection
	GlobalSection(SolutionProperties) = preSolution
		HideSolutionNode = FALSE
	EndGlobalSection
	GlobalSection(ExtensibilityGlobals) = postSolution
		SolutionGuid = {9423C39E-93BD-435F-A00D-69D1FDF00A73}
	EndGlobalSection
EndGlobal
