{
  "name": "webapi",
  "lockfileVersion": 3,
  "requires": true,
  "packages": {
    "": {
      "dependencies": {
        "newtonsoft.json": "^1.0.1"
      }
    },
    "node_modules/newtonsoft.json": {
      "version": "1.0.1",
      "resolved": "https://registry.npmjs.org/newtonsoft.json/-/newtonsoft.json-1.0.1.tgz",
      "integrity": "sha512-PUabjcnDGJTl8xcILrOQannLLcUh/9c6YkpddvO0oJa2r8ZPiVFWEAQPdGppv4OYswYHyhTkehYqr7f+I636Fg=="
    }
  }
}
